
Microsoft Visual Studio Solution File, Format Version 12.00
# Visual Studio 15
VisualStudioVersion = 15.0.27428.2027
MinimumVisualStudioVersion = 10.0.40219.1
Project("{F184B08F-C81C-45F6-A57F-5ABD9991F28F}") = "Estructuras_Control_Flujo", "TP2 PG2\Estructuras_Control_Flujo.vbproj", "{2433E45C-8235-4C03-88AB-4B614400669E}"
EndProject
Global
	GlobalSection(SolutionConfigurationPlatforms) = preSolution
		Debug|Any CPU = Debug|Any CPU
		Release|Any CPU = Release|Any CPU
	EndGlobalSection
	GlobalSection(ProjectConfigurationPlatforms) = postSolution
		{2433E45C-8235-4C03-88AB-4B614400669E}.Debug|Any CPU.ActiveCfg = Debug|Any CPU
		{2433E45C-8235-4C03-88AB-4B614400669E}.Debug|Any CPU.Build.0 = Debug|Any CPU
		{2433E45C-8235-4C03-88AB-4B614400669E}.Release|Any CPU.ActiveCfg = Release|Any CPU
		{2433E45C-8235-4C03-88AB-4B614400669E}.Release|Any CPU.Build.0 = Release|Any CPU
	EndGlobalSection
	GlobalSection(SolutionProperties) = preSolution
		HideSolutionNode = FALSE
	EndGlobalSection
	GlobalSection(ExtensibilityGlobals) = postSolution
		SolutionGuid = {FDCF4193-EDEB-4FC7-BEDB-F8223021BB92}
	EndGlobalSection
EndGlobal
